
Microsoft Visual Studio Solution File, Format Version 12.00
# Visual Studio Version 17
VisualStudioVersion = 17.3.32922.545
MinimumVisualStudioVersion = 10.0.40219.1
Project("{FAE04EC0-301F-11D3-BF4B-00C04F79EFBC}") = "AtelierTestApplication2", "AtelierTestApplication2\AtelierTestApplication2.csproj", "{48E62F15-E5A0-444F-AEEB-AD6308926F24}"
EndProject
Global
	GlobalSection(SolutionConfigurationPlatforms) = preSolution
		Debug|Any CPU = Debug|Any CPU
		Release|Any CPU = Release|Any CPU
	EndGlobalSection
	GlobalSection(ProjectConfigurationPlatforms) = postSolution
		{48E62F15-E5A0-444F-AEEB-AD6308926F24}.Debug|Any CPU.ActiveCfg = Debug|Any CPU
		{48E62F15-E5A0-444F-AEEB-AD6308926F24}.Debug|Any CPU.Build.0 = Debug|Any CPU
		{48E62F15-E5A0-444F-AEEB-AD6308926F24}.Release|Any CPU.ActiveCfg = Release|Any CPU
		{48E62F15-E5A0-444F-AEEB-AD6308926F24}.Release|Any CPU.Build.0 = Release|Any CPU
	EndGlobalSection
	GlobalSection(SolutionProperties) = preSolution
		HideSolutionNode = FALSE
	EndGlobalSection
	GlobalSection(ExtensibilityGlobals) = postSolution
		SolutionGuid = {A2D4F557-1042-4426-BA35-A02FAA9AAB49}
	EndGlobalSection
EndGlobal
